<?xml version="1.0" encoding="utf-8"?>
<Project ToolsVersion="4.0" xmlns="http://schemas.microsoft.com/developer/msbuild/2003">
  <ItemGroup>
    <Filter Include="Source Files">
      <UniqueIdentifier>{4FC737F1-C7A5-4376-A066-2A32D752A2FF}</UniqueIdentifier>
      <Extensions>cpp;c;cc;cxx;def;odl;idl;hpj;bat;asm;asmx</Extensions>
    </Filter>
    <Filter Include="Header Files">
      <UniqueIdentifier>{93995380-89BD-4b04-88EB-625FBE52EBFB}</UniqueIdentifier>
      <Extensions>h;hh;hpp;hxx;hm;inl;inc;ipp;xsd</Extensions>
    </Filter>
    <Filter Include="Resource Files">
      <UniqueIdentifier>{67DA6AB6-F800-4c08-8B7A-83BB121AAD01}</UniqueIdentifier>
      <Extensions>rc;ico;cur;bmp;dlg;rc2;rct;bin;rgs;gif;jpg;jpeg;jpe;resx;tiff;tif;png;wav;mfcribbon-ms</Extensions>
    </Filter>
    <Filter Include="Header Files\entity">
      <UniqueIdentifier>{73f132f2-221d-412f-a7d4-4e0eb908254c}</UniqueIdentifier>
    </Filter>
    <Filter Include="Header Files\io">
      <UniqueIdentifier>{662c95da-451d-4fb2-af14-a65d6df9da59}</UniqueIdentifier>
    </Filter>
    <Filter Include="Source Files\entity">
      <UniqueIdentifier>{5fff2f82-4926-4bea-89ba-e3f8914f8ca9}</UniqueIdentifier>
    </Filter>
    <Filter Include="Header Files\ui">
      <UniqueIdentifier>{8321ae15-d390-47c7-a895-019cfbf3b171}</UniqueIdentifier>
    </Filter>
    <Filter Include="Source Files\ui">
      <UniqueIdentifier>{fc709745-7bff-4c5b-ab09-a8a210896526}</UniqueIdentifier>
    </Filter>
    <Filter Include="Source Files\io">
      <UniqueIdentifier>{75121cbd-f685-40e7-a9a4-d47edfb7f907}</UniqueIdentifier>
    </Filter>
    <Filter Include="Header Files\render actors">
      <UniqueIdentifier>{4265fa4d-6975-4572-b5fd-ea80342e3fca}</UniqueIdentifier>
    </Filter>
    <Filter Include="Header Files\simulate actors">
      <UniqueIdentifier>{31d883c4-e9cb-4b7e-8320-8cdbc5cb1068}</UniqueIdentifier>
    </Filter>
    <Filter Include="Source Files\simulate actors">
      <UniqueIdentifier>{8c4d8596-d1f1-431e-b31d-53446981ca0d}</UniqueIdentifier>
    </Filter>
    <Filter Include="Source Files\render actors">
      <UniqueIdentifier>{ebeff57b-c1d7-42ff-9f35-502349907975}</UniqueIdentifier>
    </Filter>
  </ItemGroup>
  <ItemGroup>
    <ClCompile Include="src\ResourceManager.cpp">
      <Filter>Source Files</Filter>
    </ClCompile>
    <ClCompile Include="src\EntityManager.cpp">
      <Filter>Source Files</Filter>
    </ClCompile>
    <ClCompile Include="src\Component.cpp">
      <Filter>Source Files</Filter>
    </ClCompile>
    <ClCompile Include="src\Player.cpp">
      <Filter>Source Files\entity</Filter>
    </ClCompile>
    <ClCompile Include="src\World.cpp">
      <Filter>Source Files</Filter>
    </ClCompile>
    <ClCompile Include="src\Asteroid.cpp">
      <Filter>Source Files\entity</Filter>
    </ClCompile>
    <ClCompile Include="src\Laser.cpp">
      <Filter>Source Files\entity</Filter>
    </ClCompile>
    <ClCompile Include="src\FastNoise.cpp">
      <Filter>Source Files</Filter>
    </ClCompile>
    <ClCompile Include="src\UXPanel.cpp">
      <Filter>Source Files\ui</Filter>
    </ClCompile>
    <ClCompile Include="src\UXElement.cpp">
      <Filter>Source Files\ui</Filter>
    </ClCompile>
    <ClCompile Include="src\KeyboardTarget.cpp">
      <Filter>Source Files\io</Filter>
    </ClCompile>
    <ClCompile Include="src\Marker.cpp">
      <Filter>Source Files\entity</Filter>
    </ClCompile>
    <ClCompile Include="src\simulate-actors\move.cpp">
      <Filter>Source Files\simulate actors</Filter>
    </ClCompile>
    <ClCompile Include="src\simulate-actors\slowdown.cpp">
      <Filter>Source Files\simulate actors</Filter>
    </ClCompile>
    <ClCompile Include="src\simulate-actors\collision.cpp">
      <Filter>Source Files\simulate actors</Filter>
    </ClCompile>
    <ClCompile Include="src\render-actors\healthbar.cpp">
      <Filter>Source Files\render actors</Filter>
    </ClCompile>
    <ClCompile Include="src\simulate-actors\no_health_remove.cpp">
      <Filter>Source Files\simulate actors</Filter>
    </ClCompile>
    <ClCompile Include="src\Entry.cpp">
      <Filter>Source Files</Filter>
    </ClCompile>
    <ClCompile Include="src\render-actors\draw_bitmap.cpp">
      <Filter>Source Files\render actors</Filter>
    </ClCompile>
    <ClCompile Include="src\simulate-actors\velocitycap.cpp">
      <Filter>Source Files\simulate actors</Filter>
    </ClCompile>
    <ClCompile Include="src\ScriptedEntity.cpp">
      <Filter>Source Files</Filter>
    </ClCompile>
  </ItemGroup>
  <ItemGroup>
    <None Include="packages.config" />
  </ItemGroup>
  <ItemGroup>
    <ClInclude Include="src\ResourceManager.h">
      <Filter>Header Files</Filter>
    </ClInclude>
    <ClInclude Include="src\EntityManager.h">
      <Filter>Header Files</Filter>
    </ClInclude>
    <ClInclude Include="src\Event.h">
      <Filter>Header Files</Filter>
    </ClInclude>
    <ClInclude Include="src\Component.h">
      <Filter>Header Files</Filter>
    </ClInclude>
    <ClInclude Include="src\EModifier.h">
      <Filter>Header Files\io</Filter>
    </ClInclude>
    <ClInclude Include="src\EKey.h">
      <Filter>Header Files\io</Filter>
    </ClInclude>
    <ClInclude Include="src\Entity.h">
      <Filter>Header Files\entity</Filter>
    </ClInclude>
    <ClInclude Include="src\Player.h">
      <Filter>Header Files\entity</Filter>
    </ClInclude>
    <ClInclude Include="src\vec2.h">
      <Filter>Header Files</Filter>
    </ClInclude>
    <ClInclude Include="src\Entry.h">
      <Filter>Header Files</Filter>
    </ClInclude>
    <ClInclude Include="src\GameInstance.h">
      <Filter>Header Files</Filter>
    </ClInclude>
    <ClInclude Include="src\KeyboardTarget.h">
      <Filter>Header Files\io</Filter>
    </ClInclude>
    <ClInclude Include="src\PlayerInteraction.h">
      <Filter>Header Files\io</Filter>
    </ClInclude>
    <ClInclude Include="src\World.h">
      <Filter>Header Files</Filter>
    </ClInclude>
    <ClInclude Include="src\Asteroid.h">
      <Filter>Header Files\entity</Filter>
    </ClInclude>
    <ClInclude Include="src\Laser.h">
      <Filter>Header Files\entity</Filter>
    </ClInclude>
    <ClInclude Include="src\chunk.h">
      <Filter>Header Files</Filter>
    </ClInclude>
    <ClInclude Include="src\EComponent.h">
      <Filter>Header Files</Filter>
    </ClInclude>
    <ClInclude Include="src\ThreadPool.h">
      <Filter>Header Files</Filter>
    </ClInclude>
    <ClInclude Include="src\FastNoise.h">
      <Filter>Header Files</Filter>
    </ClInclude>
    <ClInclude Include="src\UXPanel.h">
      <Filter>Header Files\ui</Filter>
    </ClInclude>
    <ClInclude Include="src\UXElement.h">
      <Filter>Header Files\ui</Filter>
    </ClInclude>
    <ClInclude Include="src\Marker.h">
      <Filter>Header Files\entity</Filter>
    </ClInclude>
    <ClInclude Include="src\matrix.h">
      <Filter>Header Files</Filter>
    </ClInclude>
    <ClInclude Include="src\simulate-actors\move.h">
      <Filter>Header Files\simulate actors</Filter>
    </ClInclude>
    <ClInclude Include="src\simulate-actors\slowdown.h">
      <Filter>Header Files\simulate actors</Filter>
    </ClInclude>
    <ClInclude Include="src\simulate-actors\collision.h">
      <Filter>Header Files\simulate actors</Filter>
    </ClInclude>
    <ClInclude Include="src\render-actors\healthbar.h">
      <Filter>Header Files\render actors</Filter>
    </ClInclude>
    <ClInclude Include="src\simulate-actors\no_health_remove.h">
      <Filter>Header Files\simulate actors</Filter>
    </ClInclude>
    <ClInclude Include="src\render-actors\draw_bitmap.h">
      <Filter>Header Files\render actors</Filter>
    </ClInclude>
    <ClInclude Include="src\ScriptedEntity.h">
      <Filter>Header Files\entity</Filter>
    </ClInclude>
    <ClInclude Include="src\simulate-actors\velocitycap.h">
      <Filter>Header Files\simulate actors</Filter>
    </ClInclude>
  </ItemGroup>
</Project>